
Microsoft Visual Studio Solution File, Format Version 12.00
# Visual Studio Version 16
VisualStudioVersion = 16.0.31019.35
MinimumVisualStudioVersion = 10.0.40219.1
Project("{FAE04EC0-301F-11D3-BF4B-00C04F79EFBC}") = "modul2", "modul2\modul2.csproj", "{051D049A-E782-4342-B7AC-8FFEDD2E146B}"
EndProject
Global
	GlobalSection(SolutionConfigurationPlatforms) = preSolution
		Debug|Any CPU = Debug|Any CPU
		Release|Any CPU = Release|Any CPU
	EndGlobalSection
	GlobalSection(ProjectConfigurationPlatforms) = postSolution
		{051D049A-E782-4342-B7AC-8FFEDD2E146B}.Debug|Any CPU.ActiveCfg = Debug|Any CPU
		{051D049A-E782-4342-B7AC-8FFEDD2E146B}.Debug|Any CPU.Build.0 = Debug|Any CPU
		{051D049A-E782-4342-B7AC-8FFEDD2E146B}.Release|Any CPU.ActiveCfg = Release|Any CPU
		{051D049A-E782-4342-B7AC-8FFEDD2E146B}.Release|Any CPU.Build.0 = Release|Any CPU
	EndGlobalSection
	GlobalSection(SolutionProperties) = preSolution
		HideSolutionNode = FALSE
	EndGlobalSection
	GlobalSection(ExtensibilityGlobals) = postSolution
		SolutionGuid = {BA133653-B7A2-4D73-9D39-854017459814}
	EndGlobalSection
EndGlobal
